
Microsoft Visual Studio Solution File, Format Version 12.00
Project("{FAE04EC0-301F-11D3-BF4B-00C04F79EFBC}") = "Pinelabs_Example", "Pinelabs_Example.csproj", "{6157FE87-3F3D-45E1-AC5C-6473AAE2394F}"
EndProject
Global
	GlobalSection(SolutionConfigurationPlatforms) = preSolution
		Debug|Any CPU = Debug|Any CPU
		Release|Any CPU = Release|Any CPU
	EndGlobalSection
	GlobalSection(ProjectConfigurationPlatforms) = postSolution
		{6157FE87-3F3D-45E1-AC5C-6473AAE2394F}.Debug|Any CPU.ActiveCfg = Debug|Any CPU
		{6157FE87-3F3D-45E1-AC5C-6473AAE2394F}.Debug|Any CPU.Build.0 = Debug|Any CPU
		{6157FE87-3F3D-45E1-AC5C-6473AAE2394F}.Release|Any CPU.ActiveCfg = Release|Any CPU
		{6157FE87-3F3D-45E1-AC5C-6473AAE2394F}.Release|Any CPU.Build.0 = Release|Any CPU
	EndGlobalSection
EndGlobal
